
Microsoft Visual Studio Solution File, Format Version 12.00
# Visual Studio 15
VisualStudioVersion = 15.0.27703.2035
MinimumVisualStudioVersion = 10.0.40219.1
Project("{FAE04EC0-301F-11D3-BF4B-00C04F79EFBC}") = "RealStateScrapper", "RealStateScrapper\RealStateScrapper.csproj", "{13BC2DB1-F648-4FA6-B3AE-72BCDC4D39CD}"
EndProject
Global
	GlobalSection(SolutionConfigurationPlatforms) = preSolution
		Debug|Any CPU = Debug|Any CPU
		Release|Any CPU = Release|Any CPU
	EndGlobalSection
	GlobalSection(ProjectConfigurationPlatforms) = postSolution
		{13BC2DB1-F648-4FA6-B3AE-72BCDC4D39CD}.Debug|Any CPU.ActiveCfg = Debug|Any CPU
		{13BC2DB1-F648-4FA6-B3AE-72BCDC4D39CD}.Debug|Any CPU.Build.0 = Debug|Any CPU
		{13BC2DB1-F648-4FA6-B3AE-72BCDC4D39CD}.Release|Any CPU.ActiveCfg = Release|Any CPU
		{13BC2DB1-F648-4FA6-B3AE-72BCDC4D39CD}.Release|Any CPU.Build.0 = Release|Any CPU
	EndGlobalSection
	GlobalSection(SolutionProperties) = preSolution
		HideSolutionNode = FALSE
	EndGlobalSection
	GlobalSection(ExtensibilityGlobals) = postSolution
		SolutionGuid = {25093238-3850-49BE-9645-7A6469CC55EA}
	EndGlobalSection
EndGlobal
